
Microsoft Visual Studio Solution File, Format Version 12.00
# Visual Studio 15
VisualStudioVersion = 15.0.26124.0
MinimumVisualStudioVersion = 15.0.26124.0
Project("{FAE04EC0-301F-11D3-BF4B-00C04F79EFBC}") = "WebDriverHandler", "WebDriverHandler\WebDriverHandler.csproj", "{2FBAD4A9-76FF-4DCA-9EDB-A1F0AC983A72}"
EndProject
Project("{FAE04EC0-301F-11D3-BF4B-00C04F79EFBC}") = "Core", "Core\Core.csproj", "{5BD58A6E-35E2-42BD-BDCC-C3EAB5C3A07F}"
EndProject
Project("{FAE04EC0-301F-11D3-BF4B-00C04F79EFBC}") = "Shared", "Shared\Shared.csproj", "{86BB0958-BE7C-4BBB-9613-8E0FDA156EDF}"
EndProject
Project("{FAE04EC0-301F-11D3-BF4B-00C04F79EFBC}") = "RetryMechanism", "RetryMechanism\RetryMechanism.csproj", "{994D0335-2FC4-4359-A4FD-F9258979C132}"
EndProject
Project("{FAE04EC0-301F-11D3-BF4B-00C04F79EFBC}") = "ExceptionHandler", "ExceptionHandler\ExceptionHandler.csproj", "{9A09BC41-7AD3-4785-821D-4C5709ED7101}"
EndProject
Global
	GlobalSection(SolutionConfigurationPlatforms) = preSolution
		Debug|Any CPU = Debug|Any CPU
		Debug|x64 = Debug|x64
		Debug|x86 = Debug|x86
		Release|Any CPU = Release|Any CPU
		Release|x64 = Release|x64
		Release|x86 = Release|x86
	EndGlobalSection
	GlobalSection(SolutionProperties) = preSolution
		HideSolutionNode = FALSE
	EndGlobalSection
	GlobalSection(ProjectConfigurationPlatforms) = postSolution
		{2FBAD4A9-76FF-4DCA-9EDB-A1F0AC983A72}.Debug|Any CPU.ActiveCfg = Debug|Any CPU
		{2FBAD4A9-76FF-4DCA-9EDB-A1F0AC983A72}.Debug|Any CPU.Build.0 = Debug|Any CPU
		{2FBAD4A9-76FF-4DCA-9EDB-A1F0AC983A72}.Debug|x64.ActiveCfg = Debug|Any CPU
		{2FBAD4A9-76FF-4DCA-9EDB-A1F0AC983A72}.Debug|x64.Build.0 = Debug|Any CPU
		{2FBAD4A9-76FF-4DCA-9EDB-A1F0AC983A72}.Debug|x86.ActiveCfg = Debug|Any CPU
		{2FBAD4A9-76FF-4DCA-9EDB-A1F0AC983A72}.Debug|x86.Build.0 = Debug|Any CPU
		{2FBAD4A9-76FF-4DCA-9EDB-A1F0AC983A72}.Release|Any CPU.ActiveCfg = Release|Any CPU
		{2FBAD4A9-76FF-4DCA-9EDB-A1F0AC983A72}.Release|Any CPU.Build.0 = Release|Any CPU
		{2FBAD4A9-76FF-4DCA-9EDB-A1F0AC983A72}.Release|x64.ActiveCfg = Release|Any CPU
		{2FBAD4A9-76FF-4DCA-9EDB-A1F0AC983A72}.Release|x64.Build.0 = Release|Any CPU
		{2FBAD4A9-76FF-4DCA-9EDB-A1F0AC983A72}.Release|x86.ActiveCfg = Release|Any CPU
		{2FBAD4A9-76FF-4DCA-9EDB-A1F0AC983A72}.Release|x86.Build.0 = Release|Any CPU
		{5BD58A6E-35E2-42BD-BDCC-C3EAB5C3A07F}.Debug|Any CPU.ActiveCfg = Debug|Any CPU
		{5BD58A6E-35E2-42BD-BDCC-C3EAB5C3A07F}.Debug|Any CPU.Build.0 = Debug|Any CPU
		{5BD58A6E-35E2-42BD-BDCC-C3EAB5C3A07F}.Debug|x64.ActiveCfg = Debug|Any CPU
		{5BD58A6E-35E2-42BD-BDCC-C3EAB5C3A07F}.Debug|x64.Build.0 = Debug|Any CPU
		{5BD58A6E-35E2-42BD-BDCC-C3EAB5C3A07F}.Debug|x86.ActiveCfg = Debug|Any CPU
		{5BD58A6E-35E2-42BD-BDCC-C3EAB5C3A07F}.Debug|x86.Build.0 = Debug|Any CPU
		{5BD58A6E-35E2-42BD-BDCC-C3EAB5C3A07F}.Release|Any CPU.ActiveCfg = Release|Any CPU
		{5BD58A6E-35E2-42BD-BDCC-C3EAB5C3A07F}.Release|Any CPU.Build.0 = Release|Any CPU
		{5BD58A6E-35E2-42BD-BDCC-C3EAB5C3A07F}.Release|x64.ActiveCfg = Release|Any CPU
		{5BD58A6E-35E2-42BD-BDCC-C3EAB5C3A07F}.Release|x64.Build.0 = Release|Any CPU
		{5BD58A6E-35E2-42BD-BDCC-C3EAB5C3A07F}.Release|x86.ActiveCfg = Release|Any CPU
		{5BD58A6E-35E2-42BD-BDCC-C3EAB5C3A07F}.Release|x86.Build.0 = Release|Any CPU
		{86BB0958-BE7C-4BBB-9613-8E0FDA156EDF}.Debug|Any CPU.ActiveCfg = Debug|Any CPU
		{86BB0958-BE7C-4BBB-9613-8E0FDA156EDF}.Debug|Any CPU.Build.0 = Debug|Any CPU
		{86BB0958-BE7C-4BBB-9613-8E0FDA156EDF}.Debug|x64.ActiveCfg = Debug|Any CPU
		{86BB0958-BE7C-4BBB-9613-8E0FDA156EDF}.Debug|x64.Build.0 = Debug|Any CPU
		{86BB0958-BE7C-4BBB-9613-8E0FDA156EDF}.Debug|x86.ActiveCfg = Debug|Any CPU
		{86BB0958-BE7C-4BBB-9613-8E0FDA156EDF}.Debug|x86.Build.0 = Debug|Any CPU
		{86BB0958-BE7C-4BBB-9613-8E0FDA156EDF}.Release|Any CPU.ActiveCfg = Release|Any CPU
		{86BB0958-BE7C-4BBB-9613-8E0FDA156EDF}.Release|Any CPU.Build.0 = Release|Any CPU
		{86BB0958-BE7C-4BBB-9613-8E0FDA156EDF}.Release|x64.ActiveCfg = Release|Any CPU
		{86BB0958-BE7C-4BBB-9613-8E0FDA156EDF}.Release|x64.Build.0 = Release|Any CPU
		{86BB0958-BE7C-4BBB-9613-8E0FDA156EDF}.Release|x86.ActiveCfg = Release|Any CPU
		{86BB0958-BE7C-4BBB-9613-8E0FDA156EDF}.Release|x86.Build.0 = Release|Any CPU
		{994D0335-2FC4-4359-A4FD-F9258979C132}.Debug|Any CPU.ActiveCfg = Debug|Any CPU
		{994D0335-2FC4-4359-A4FD-F9258979C132}.Debug|Any CPU.Build.0 = Debug|Any CPU
		{994D0335-2FC4-4359-A4FD-F9258979C132}.Debug|x64.ActiveCfg = Debug|Any CPU
		{994D0335-2FC4-4359-A4FD-F9258979C132}.Debug|x64.Build.0 = Debug|Any CPU
		{994D0335-2FC4-4359-A4FD-F9258979C132}.Debug|x86.ActiveCfg = Debug|Any CPU
		{994D0335-2FC4-4359-A4FD-F9258979C132}.Debug|x86.Build.0 = Debug|Any CPU
		{994D0335-2FC4-4359-A4FD-F9258979C132}.Release|Any CPU.ActiveCfg = Release|Any CPU
		{994D0335-2FC4-4359-A4FD-F9258979C132}.Release|Any CPU.Build.0 = Release|Any CPU
		{994D0335-2FC4-4359-A4FD-F9258979C132}.Release|x64.ActiveCfg = Release|Any CPU
		{994D0335-2FC4-4359-A4FD-F9258979C132}.Release|x64.Build.0 = Release|Any CPU
		{994D0335-2FC4-4359-A4FD-F9258979C132}.Release|x86.ActiveCfg = Release|Any CPU
		{994D0335-2FC4-4359-A4FD-F9258979C132}.Release|x86.Build.0 = Release|Any CPU
		{9A09BC41-7AD3-4785-821D-4C5709ED7101}.Debug|Any CPU.ActiveCfg = Debug|Any CPU
		{9A09BC41-7AD3-4785-821D-4C5709ED7101}.Debug|Any CPU.Build.0 = Debug|Any CPU
		{9A09BC41-7AD3-4785-821D-4C5709ED7101}.Debug|x64.ActiveCfg = Debug|Any CPU
		{9A09BC41-7AD3-4785-821D-4C5709ED7101}.Debug|x64.Build.0 = Debug|Any CPU
		{9A09BC41-7AD3-4785-821D-4C5709ED7101}.Debug|x86.ActiveCfg = Debug|Any CPU
		{9A09BC41-7AD3-4785-821D-4C5709ED7101}.Debug|x86.Build.0 = Debug|Any CPU
		{9A09BC41-7AD3-4785-821D-4C5709ED7101}.Release|Any CPU.ActiveCfg = Release|Any CPU
		{9A09BC41-7AD3-4785-821D-4C5709ED7101}.Release|Any CPU.Build.0 = Release|Any CPU
		{9A09BC41-7AD3-4785-821D-4C5709ED7101}.Release|x64.ActiveCfg = Release|Any CPU
		{9A09BC41-7AD3-4785-821D-4C5709ED7101}.Release|x64.Build.0 = Release|Any CPU
		{9A09BC41-7AD3-4785-821D-4C5709ED7101}.Release|x86.ActiveCfg = Release|Any CPU
		{9A09BC41-7AD3-4785-821D-4C5709ED7101}.Release|x86.Build.0 = Release|Any CPU
	EndGlobalSection
EndGlobal
